
Microsoft Visual Studio Solution File, Format Version 12.00
# Visual Studio 15
VisualStudioVersion = 15.0.28010.2016
MinimumVisualStudioVersion = 10.0.40219.1
Project("{9A19103F-16F7-4668-BE54-9A1E7A4F7556}") = "Sample.WebApi", "SampleWebApi\Sample.WebApi.csproj", "{11D5FF12-AFE9-494B-9C31-FCEB9C7AC49A}"
EndProject
Project("{9A19103F-16F7-4668-BE54-9A1E7A4F7556}") = "Sample.Dal", "SampleDal\Sample.Dal.csproj", "{5F7A8A1B-F1ED-4DF8-84DD-87E55AD5A932}"
EndProject
Project("{9A19103F-16F7-4668-BE54-9A1E7A4F7556}") = "Sample.BusinessService", "SampleBusinessService\Sample.BusinessService.csproj", "{51F32DF0-A0BA-4525-95C9-49ED68FF0EBB}"
EndProject
Project("{9A19103F-16F7-4668-BE54-9A1E7A4F7556}") = "Sample.Dtos", "SampleDtos\Sample.Dtos.csproj", "{EB44F630-F366-49B6-A08B-8604D10C9831}"
EndProject
Project("{9A19103F-16F7-4668-BE54-9A1E7A4F7556}") = "Sample.DalModels", "SampleDalModels\Sample.DalModels.csproj", "{94417651-F0C5-4141-9CC9-0AEE79A9C094}"
EndProject
Project("{2150E333-8FDC-42A3-9474-1A3956D46DE8}") = "DAL", "DAL", "{2B7D3CBB-929A-47B0-A5B4-661E7982021A}"
EndProject
Project("{2150E333-8FDC-42A3-9474-1A3956D46DE8}") = "BusinessService", "BusinessService", "{028326B8-3B88-49FA-B647-05AA22E9D4FA}"
EndProject
Project("{2150E333-8FDC-42A3-9474-1A3956D46DE8}") = "DTO", "DTO", "{CC1DE408-501F-4E9A-AB92-D5EF87C50D71}"
EndProject
Project("{2150E333-8FDC-42A3-9474-1A3956D46DE8}") = "UnitTests", "UnitTests", "{CE047899-8B87-4E6E-A769-ACDA095541A4}"
EndProject
Project("{9A19103F-16F7-4668-BE54-9A1E7A4F7556}") = "CustomerServiceTests", "CustomerServiceTests\CustomerServiceTests.csproj", "{C3E7B489-CB1C-45AB-855A-D21055292C0A}"
EndProject
Project("{2150E333-8FDC-42A3-9474-1A3956D46DE8}") = "BusinessServiceTests", "BusinessServiceTests", "{75B06524-FE98-4B8D-A51F-918B20AE57D3}"
EndProject
Project("{2150E333-8FDC-42A3-9474-1A3956D46DE8}") = "ApiTests", "ApiTests", "{E4908142-2B0F-4EF1-9798-F8999AC69C6D}"
EndProject
Project("{9A19103F-16F7-4668-BE54-9A1E7A4F7556}") = "CustomersApiControllerTests", "CustomersControllerShould\CustomersApiControllerTests.csproj", "{E669E696-CDE8-46BD-BA51-14C5554025A5}"
EndProject
Project("{2150E333-8FDC-42A3-9474-1A3956D46DE8}") = "DalTests", "DalTests", "{9544BB5D-D7F6-49DE-8112-D03A04EF5A30}"
EndProject
Project("{9A19103F-16F7-4668-BE54-9A1E7A4F7556}") = "CustomerRepositoryTests", "CustomerRepositoryTests\CustomerRepositoryTests.csproj", "{75509500-2F87-498E-9ABE-D52E84362592}"
EndProject
Global
	GlobalSection(SolutionConfigurationPlatforms) = preSolution
		Debug|Any CPU = Debug|Any CPU
		Release|Any CPU = Release|Any CPU
	EndGlobalSection
	GlobalSection(ProjectConfigurationPlatforms) = postSolution
		{11D5FF12-AFE9-494B-9C31-FCEB9C7AC49A}.Debug|Any CPU.ActiveCfg = Debug|Any CPU
		{11D5FF12-AFE9-494B-9C31-FCEB9C7AC49A}.Debug|Any CPU.Build.0 = Debug|Any CPU
		{11D5FF12-AFE9-494B-9C31-FCEB9C7AC49A}.Release|Any CPU.ActiveCfg = Release|Any CPU
		{11D5FF12-AFE9-494B-9C31-FCEB9C7AC49A}.Release|Any CPU.Build.0 = Release|Any CPU
		{5F7A8A1B-F1ED-4DF8-84DD-87E55AD5A932}.Debug|Any CPU.ActiveCfg = Debug|Any CPU
		{5F7A8A1B-F1ED-4DF8-84DD-87E55AD5A932}.Debug|Any CPU.Build.0 = Debug|Any CPU
		{5F7A8A1B-F1ED-4DF8-84DD-87E55AD5A932}.Release|Any CPU.ActiveCfg = Release|Any CPU
		{5F7A8A1B-F1ED-4DF8-84DD-87E55AD5A932}.Release|Any CPU.Build.0 = Release|Any CPU
		{51F32DF0-A0BA-4525-95C9-49ED68FF0EBB}.Debug|Any CPU.ActiveCfg = Debug|Any CPU
		{51F32DF0-A0BA-4525-95C9-49ED68FF0EBB}.Debug|Any CPU.Build.0 = Debug|Any CPU
		{51F32DF0-A0BA-4525-95C9-49ED68FF0EBB}.Release|Any CPU.ActiveCfg = Release|Any CPU
		{51F32DF0-A0BA-4525-95C9-49ED68FF0EBB}.Release|Any CPU.Build.0 = Release|Any CPU
		{EB44F630-F366-49B6-A08B-8604D10C9831}.Debug|Any CPU.ActiveCfg = Debug|Any CPU
		{EB44F630-F366-49B6-A08B-8604D10C9831}.Debug|Any CPU.Build.0 = Debug|Any CPU
		{EB44F630-F366-49B6-A08B-8604D10C9831}.Release|Any CPU.ActiveCfg = Release|Any CPU
		{EB44F630-F366-49B6-A08B-8604D10C9831}.Release|Any CPU.Build.0 = Release|Any CPU
		{94417651-F0C5-4141-9CC9-0AEE79A9C094}.Debug|Any CPU.ActiveCfg = Debug|Any CPU
		{94417651-F0C5-4141-9CC9-0AEE79A9C094}.Debug|Any CPU.Build.0 = Debug|Any CPU
		{94417651-F0C5-4141-9CC9-0AEE79A9C094}.Release|Any CPU.ActiveCfg = Release|Any CPU
		{94417651-F0C5-4141-9CC9-0AEE79A9C094}.Release|Any CPU.Build.0 = Release|Any CPU
		{C3E7B489-CB1C-45AB-855A-D21055292C0A}.Debug|Any CPU.ActiveCfg = Debug|Any CPU
		{C3E7B489-CB1C-45AB-855A-D21055292C0A}.Debug|Any CPU.Build.0 = Debug|Any CPU
		{C3E7B489-CB1C-45AB-855A-D21055292C0A}.Release|Any CPU.ActiveCfg = Release|Any CPU
		{C3E7B489-CB1C-45AB-855A-D21055292C0A}.Release|Any CPU.Build.0 = Release|Any CPU
		{E669E696-CDE8-46BD-BA51-14C5554025A5}.Debug|Any CPU.ActiveCfg = Debug|Any CPU
		{E669E696-CDE8-46BD-BA51-14C5554025A5}.Debug|Any CPU.Build.0 = Debug|Any CPU
		{E669E696-CDE8-46BD-BA51-14C5554025A5}.Release|Any CPU.ActiveCfg = Release|Any CPU
		{E669E696-CDE8-46BD-BA51-14C5554025A5}.Release|Any CPU.Build.0 = Release|Any CPU
		{75509500-2F87-498E-9ABE-D52E84362592}.Debug|Any CPU.ActiveCfg = Debug|Any CPU
		{75509500-2F87-498E-9ABE-D52E84362592}.Debug|Any CPU.Build.0 = Debug|Any CPU
		{75509500-2F87-498E-9ABE-D52E84362592}.Release|Any CPU.ActiveCfg = Release|Any CPU
		{75509500-2F87-498E-9ABE-D52E84362592}.Release|Any CPU.Build.0 = Release|Any CPU
	EndGlobalSection
	GlobalSection(SolutionProperties) = preSolution
		HideSolutionNode = FALSE
	EndGlobalSection
	GlobalSection(NestedProjects) = preSolution
		{5F7A8A1B-F1ED-4DF8-84DD-87E55AD5A932} = {2B7D3CBB-929A-47B0-A5B4-661E7982021A}
		{51F32DF0-A0BA-4525-95C9-49ED68FF0EBB} = {028326B8-3B88-49FA-B647-05AA22E9D4FA}
		{EB44F630-F366-49B6-A08B-8604D10C9831} = {CC1DE408-501F-4E9A-AB92-D5EF87C50D71}
		{94417651-F0C5-4141-9CC9-0AEE79A9C094} = {2B7D3CBB-929A-47B0-A5B4-661E7982021A}
		{C3E7B489-CB1C-45AB-855A-D21055292C0A} = {75B06524-FE98-4B8D-A51F-918B20AE57D3}
		{75B06524-FE98-4B8D-A51F-918B20AE57D3} = {CE047899-8B87-4E6E-A769-ACDA095541A4}
		{E4908142-2B0F-4EF1-9798-F8999AC69C6D} = {CE047899-8B87-4E6E-A769-ACDA095541A4}
		{E669E696-CDE8-46BD-BA51-14C5554025A5} = {E4908142-2B0F-4EF1-9798-F8999AC69C6D}
		{9544BB5D-D7F6-49DE-8112-D03A04EF5A30} = {CE047899-8B87-4E6E-A769-ACDA095541A4}
		{75509500-2F87-498E-9ABE-D52E84362592} = {9544BB5D-D7F6-49DE-8112-D03A04EF5A30}
	EndGlobalSection
	GlobalSection(ExtensibilityGlobals) = postSolution
		SolutionGuid = {A2B63A2F-CFD4-4EF5-BB0E-B343718A2CDD}
	EndGlobalSection
EndGlobal
